
Microsoft Visual Studio Solution File, Format Version 12.00
# Visual Studio 14
VisualStudioVersion = 14.0.25123.0
MinimumVisualStudioVersion = 10.0.40219.1
Project("{FAE04EC0-301F-11D3-BF4B-00C04F79EFBC}") = "1031 Calculator", "1031 Calculator.csproj", "{EA537B8C-8430-4CB9-A42B-5566C4213BCF}"
EndProject
Global
	GlobalSection(SolutionConfigurationPlatforms) = preSolution
		Debug|Any CPU = Debug|Any CPU
		Release|Any CPU = Release|Any CPU
	EndGlobalSection
	GlobalSection(ProjectConfigurationPlatforms) = postSolution
		{EA537B8C-8430-4CB9-A42B-5566C4213BCF}.Debug|Any CPU.ActiveCfg = Debug|Any CPU
		{EA537B8C-8430-4CB9-A42B-5566C4213BCF}.Debug|Any CPU.Build.0 = Debug|Any CPU
		{EA537B8C-8430-4CB9-A42B-5566C4213BCF}.Debug|Any CPU.Deploy.0 = Debug|Any CPU
		{EA537B8C-8430-4CB9-A42B-5566C4213BCF}.Release|Any CPU.ActiveCfg = Release|Any CPU
		{EA537B8C-8430-4CB9-A42B-5566C4213BCF}.Release|Any CPU.Build.0 = Release|Any CPU
		{EA537B8C-8430-4CB9-A42B-5566C4213BCF}.Release|Any CPU.Deploy.0 = Release|Any CPU
	EndGlobalSection
	GlobalSection(SolutionProperties) = preSolution
		HideSolutionNode = FALSE
	EndGlobalSection
EndGlobal
