
Microsoft Visual Studio Solution File, Format Version 12.00
# Visual Studio 2012
Project("{D954291E-2A0B-460D-934E-DC6B0785DB48}") = "Calculator1031", "Calculator1031\Calculator1031.shproj", "{24971B13-9F66-45A6-B745-828941C099E1}"
EndProject
Project("{FAE04EC0-301F-11D3-BF4B-00C04F79EFBC}") = "Calculator1031.iOS", "iOS\Calculator1031.iOS.csproj", "{A302FEB4-CABE-4924-867E-24A0EBBCEEF1}"
EndProject
Project("{FAE04EC0-301F-11D3-BF4B-00C04F79EFBC}") = "Calculator1031.Droid", "Droid\Calculator1031.Droid.csproj", "{06850CD8-7675-4B34-8E75-D15EC1C3FDA5}"
EndProject
Global
	GlobalSection(SolutionConfigurationPlatforms) = preSolution
		Debug|iPhoneSimulator = Debug|iPhoneSimulator
		Release|iPhone = Release|iPhone
		Release|iPhoneSimulator = Release|iPhoneSimulator
		Debug|iPhone = Debug|iPhone
		Debug|Any CPU = Debug|Any CPU
		Release|Any CPU = Release|Any CPU
	EndGlobalSection
	GlobalSection(ProjectConfigurationPlatforms) = postSolution
		{06850CD8-7675-4B34-8E75-D15EC1C3FDA5}.Debug|Any CPU.ActiveCfg = Debug|Any CPU
		{06850CD8-7675-4B34-8E75-D15EC1C3FDA5}.Debug|Any CPU.Build.0 = Debug|Any CPU
		{06850CD8-7675-4B34-8E75-D15EC1C3FDA5}.Debug|iPhone.ActiveCfg = Debug|Any CPU
		{06850CD8-7675-4B34-8E75-D15EC1C3FDA5}.Debug|iPhone.Build.0 = Debug|Any CPU
		{06850CD8-7675-4B34-8E75-D15EC1C3FDA5}.Debug|iPhoneSimulator.ActiveCfg = Debug|Any CPU
		{06850CD8-7675-4B34-8E75-D15EC1C3FDA5}.Debug|iPhoneSimulator.Build.0 = Debug|Any CPU
		{06850CD8-7675-4B34-8E75-D15EC1C3FDA5}.Release|Any CPU.ActiveCfg = Release|Any CPU
		{06850CD8-7675-4B34-8E75-D15EC1C3FDA5}.Release|Any CPU.Build.0 = Release|Any CPU
		{06850CD8-7675-4B34-8E75-D15EC1C3FDA5}.Release|iPhone.ActiveCfg = Release|Any CPU
		{06850CD8-7675-4B34-8E75-D15EC1C3FDA5}.Release|iPhone.Build.0 = Release|Any CPU
		{06850CD8-7675-4B34-8E75-D15EC1C3FDA5}.Release|iPhoneSimulator.ActiveCfg = Release|Any CPU
		{06850CD8-7675-4B34-8E75-D15EC1C3FDA5}.Release|iPhoneSimulator.Build.0 = Release|Any CPU
		{A302FEB4-CABE-4924-867E-24A0EBBCEEF1}.Debug|Any CPU.ActiveCfg = Debug|iPhoneSimulator
		{A302FEB4-CABE-4924-867E-24A0EBBCEEF1}.Debug|Any CPU.Build.0 = Debug|iPhoneSimulator
		{A302FEB4-CABE-4924-867E-24A0EBBCEEF1}.Debug|iPhone.ActiveCfg = Debug|iPhone
		{A302FEB4-CABE-4924-867E-24A0EBBCEEF1}.Debug|iPhone.Build.0 = Debug|iPhone
		{A302FEB4-CABE-4924-867E-24A0EBBCEEF1}.Debug|iPhoneSimulator.ActiveCfg = Debug|iPhoneSimulator
		{A302FEB4-CABE-4924-867E-24A0EBBCEEF1}.Debug|iPhoneSimulator.Build.0 = Debug|iPhoneSimulator
		{A302FEB4-CABE-4924-867E-24A0EBBCEEF1}.Release|Any CPU.ActiveCfg = Release|iPhone
		{A302FEB4-CABE-4924-867E-24A0EBBCEEF1}.Release|Any CPU.Build.0 = Release|iPhone
		{A302FEB4-CABE-4924-867E-24A0EBBCEEF1}.Release|iPhone.ActiveCfg = Release|iPhone
		{A302FEB4-CABE-4924-867E-24A0EBBCEEF1}.Release|iPhone.Build.0 = Release|iPhone
		{A302FEB4-CABE-4924-867E-24A0EBBCEEF1}.Release|iPhoneSimulator.ActiveCfg = Release|iPhoneSimulator
		{A302FEB4-CABE-4924-867E-24A0EBBCEEF1}.Release|iPhoneSimulator.Build.0 = Release|iPhoneSimulator
	EndGlobalSection
EndGlobal
